
Microsoft Visual Studio Solution File, Format Version 12.00
# Visual Studio 14
VisualStudioVersion = 14.0.25420.1
MinimumVisualStudioVersion = 10.0.40219.1
Project("{FAE04EC0-301F-11D3-BF4B-00C04F79EFBC}") = "GrifoServices", "GrifoServices\GrifoServices.csproj", "{7D573904-DAFA-42A0-AB42-13E2128EA28B}"
EndProject
Project("{FAE04EC0-301F-11D3-BF4B-00C04F79EFBC}") = "PromocionesTest", "PromocionesTest\PromocionesTest.csproj", "{491C149E-E1E3-4353-97C1-2707E6B96132}"
EndProject
Global
	GlobalSection(SolutionConfigurationPlatforms) = preSolution
		Debug|Any CPU = Debug|Any CPU
		Release|Any CPU = Release|Any CPU
	EndGlobalSection
	GlobalSection(ProjectConfigurationPlatforms) = postSolution
		{7D573904-DAFA-42A0-AB42-13E2128EA28B}.Debug|Any CPU.ActiveCfg = Debug|Any CPU
		{7D573904-DAFA-42A0-AB42-13E2128EA28B}.Debug|Any CPU.Build.0 = Debug|Any CPU
		{7D573904-DAFA-42A0-AB42-13E2128EA28B}.Release|Any CPU.ActiveCfg = Release|Any CPU
		{7D573904-DAFA-42A0-AB42-13E2128EA28B}.Release|Any CPU.Build.0 = Release|Any CPU
		{491C149E-E1E3-4353-97C1-2707E6B96132}.Debug|Any CPU.ActiveCfg = Debug|Any CPU
		{491C149E-E1E3-4353-97C1-2707E6B96132}.Debug|Any CPU.Build.0 = Debug|Any CPU
		{491C149E-E1E3-4353-97C1-2707E6B96132}.Release|Any CPU.ActiveCfg = Release|Any CPU
		{491C149E-E1E3-4353-97C1-2707E6B96132}.Release|Any CPU.Build.0 = Release|Any CPU
	EndGlobalSection
	GlobalSection(SolutionProperties) = preSolution
		HideSolutionNode = FALSE
	EndGlobalSection
EndGlobal
